// !$*UTF8*$!
{
	archiveVersion = 1;
	classes = {
	};
	objectVersion = 56;
	objects = {

/* Begin PBXBuildFile section */
		211A4EDD2B96BD4400D79101 /* Assets.xcassets in Resources */ = {isa = PBXBuildFile; fileRef = 211A4EDC2B96BD4400D79101 /* Assets.xcassets */; };
		211A4EDF2B96BDC300D79101 /* Framework.swift in Sources */ = {isa = PBXBuildFile; fileRef = 211A4EDE2B96BDC300D79101 /* Framework.swift */; };
		211A4EE12B96BF2500D79101 /* FrameworkView.swift in Sources */ = {isa = PBXBuildFile; fileRef = 211A4EE02B96BF2500D79101 /* FrameworkView.swift */; };
		211A4EE52B980BD800D79101 /* FrameworkViewModel.swift in Sources */ = {isa = PBXBuildFile; fileRef = 211A4EE32B980BD800D79101 /* FrameworkViewModel.swift */; };
		211A4EE72B980C6D00D79101 /* FrameworkDetailView.swift in Sources */ = {isa = PBXBuildFile; fileRef = 211A4EE62B980C6C00D79101 /* FrameworkDetailView.swift */; };
		211A4EEA2B980CA200D79101 /* SafariView.swift in Sources */ = {isa = PBXBuildFile; fileRef = 211A4EE92B980CA200D79101 /* SafariView.swift */; };
		211A4EEC2B98196200D79101 /* TabBar.swift in Sources */ = {isa = PBXBuildFile; fileRef = 211A4EEB2B98196200D79101 /* TabBar.swift */; };
		211F152C2B7A89920093C5D1 /* WeatherApp.swift in Sources */ = {isa = PBXBuildFile; fileRef = 211F152B2B7A89920093C5D1 /* WeatherApp.swift */; };
		211F152E2B7A89920093C5D1 /* HomeView.swift in Sources */ = {isa = PBXBuildFile; fileRef = 211F152D2B7A89920093C5D1 /* HomeView.swift */; };
		211F15332B7A89950093C5D1 /* Preview Assets.xcassets in Resources */ = {isa = PBXBuildFile; fileRef = 211F15322B7A89950093C5D1 /* Preview Assets.xcassets */; };
		211F153D2B7A89960093C5D1 /* WeatherTests.swift in Sources */ = {isa = PBXBuildFile; fileRef = 211F153C2B7A89960093C5D1 /* WeatherTests.swift */; };
		211F15472B7A89960093C5D1 /* WeatherUITests.swift in Sources */ = {isa = PBXBuildFile; fileRef = 211F15462B7A89960093C5D1 /* WeatherUITests.swift */; };
		211F15492B7A89960093C5D1 /* WeatherUITestsLaunchTests.swift in Sources */ = {isa = PBXBuildFile; fileRef = 211F15482B7A89960093C5D1 /* WeatherUITestsLaunchTests.swift */; };
		211F15592B7B736A0093C5D1 /* WeatherDataModel.swift in Sources */ = {isa = PBXBuildFile; fileRef = 211F15582B7B736A0093C5D1 /* WeatherDataModel.swift */; };
		211F156C2B7BED6A0093C5D1 /* CustomTextView.swift in Sources */ = {isa = PBXBuildFile; fileRef = 211F156B2B7BED6A0093C5D1 /* CustomTextView.swift */; };
		211F156E2B7BEE1A0093C5D1 /* CustomButton.swift in Sources */ = {isa = PBXBuildFile; fileRef = 211F156D2B7BEE1A0093C5D1 /* CustomButton.swift */; };
		211F15702B7BEE5B0093C5D1 /* GradientBgView.swift in Sources */ = {isa = PBXBuildFile; fileRef = 211F156F2B7BEE5B0093C5D1 /* GradientBgView.swift */; };
		211F15722B7BEF190093C5D1 /* WeekDayWeatherView.swift in Sources */ = {isa = PBXBuildFile; fileRef = 211F15712B7BEF190093C5D1 /* WeekDayWeatherView.swift */; };
/* End PBXBuildFile section */

/* Begin PBXContainerItemProxy section */
		211F15392B7A89960093C5D1 /* PBXContainerItemProxy */ = {
			isa = PBXContainerItemProxy;
			containerPortal = 211F15202B7A89920093C5D1 /* Project object */;
			proxyType = 1;
			remoteGlobalIDString = 211F15272B7A89920093C5D1;
			remoteInfo = Weather;
		};
		211F15432B7A89960093C5D1 /* PBXContainerItemProxy */ = {
			isa = PBXContainerItemProxy;
			containerPortal = 211F15202B7A89920093C5D1 /* Project object */;
			proxyType = 1;
			remoteGlobalIDString = 211F15272B7A89920093C5D1;
			remoteInfo = Weather;
		};
/* End PBXContainerItemProxy section */

/* Begin PBXFileReference section */
		211A4EDC2B96BD4400D79101 /* Assets.xcassets */ = {isa = PBXFileReference; lastKnownFileType = folder.assetcatalog; path = Assets.xcassets; sourceTree = "<group>"; };
		211A4EDE2B96BDC300D79101 /* Framework.swift */ = {isa = PBXFileReference; fileEncoding = 4; lastKnownFileType = sourcecode.swift; path = Framework.swift; sourceTree = "<group>"; };
		211A4EE02B96BF2500D79101 /* FrameworkView.swift */ = {isa = PBXFileReference; lastKnownFileType = sourcecode.swift; path = FrameworkView.swift; sourceTree = "<group>"; };
		211A4EE32B980BD800D79101 /* FrameworkViewModel.swift */ = {isa = PBXFileReference; fileEncoding = 4; lastKnownFileType = sourcecode.swift; path = FrameworkViewModel.swift; sourceTree = "<group>"; };
		211A4EE62B980C6C00D79101 /* FrameworkDetailView.swift */ = {isa = PBXFileReference; fileEncoding = 4; lastKnownFileType = sourcecode.swift; path = FrameworkDetailView.swift; sourceTree = "<group>"; };
		211A4EE92B980CA200D79101 /* SafariView.swift */ = {isa = PBXFileReference; fileEncoding = 4; lastKnownFileType = sourcecode.swift; path = SafariView.swift; sourceTree = "<group>"; };
		211A4EEB2B98196200D79101 /* TabBar.swift */ = {isa = PBXFileReference; lastKnownFileType = sourcecode.swift; path = TabBar.swift; sourceTree = "<group>"; };
		211F15282B7A89920093C5D1 /* Weather.app */ = {isa = PBXFileReference; explicitFileType = wrapper.application; includeInIndex = 0; path = Weather.app; sourceTree = BUILT_PRODUCTS_DIR; };
		211F152B2B7A89920093C5D1 /* WeatherApp.swift */ = {isa = PBXFileReference; lastKnownFileType = sourcecode.swift; path = WeatherApp.swift; sourceTree = "<group>"; };
		211F152D2B7A89920093C5D1 /* HomeView.swift */ = {isa = PBXFileReference; lastKnownFileType = sourcecode.swift; path = HomeView.swift; sourceTree = "<group>"; };
		211F15322B7A89950093C5D1 /* Preview Assets.xcassets */ = {isa = PBXFileReference; lastKnownFileType = folder.assetcatalog; path = "Preview Assets.xcassets"; sourceTree = "<group>"; };
		211F15382B7A89960093C5D1 /* WeatherTests.xctest */ = {isa = PBXFileReference; explicitFileType = wrapper.cfbundle; includeInIndex = 0; path = WeatherTests.xctest; sourceTree = BUILT_PRODUCTS_DIR; };
		211F153C2B7A89960093C5D1 /* WeatherTests.swift */ = {isa = PBXFileReference; lastKnownFileType = sourcecode.swift; path = WeatherTests.swift; sourceTree = "<group>"; };
		211F15422B7A89960093C5D1 /* WeatherUITests.xctest */ = {isa = PBXFileReference; explicitFileType = wrapper.cfbundle; includeInIndex = 0; path = WeatherUITests.xctest; sourceTree = BUILT_PRODUCTS_DIR; };
		211F15462B7A89960093C5D1 /* WeatherUITests.swift */ = {isa = PBXFileReference; lastKnownFileType = sourcecode.swift; path = WeatherUITests.swift; sourceTree = "<group>"; };
		211F15482B7A89960093C5D1 /* WeatherUITestsLaunchTests.swift */ = {isa = PBXFileReference; lastKnownFileType = sourcecode.swift; path = WeatherUITestsLaunchTests.swift; sourceTree = "<group>"; };
		211F15582B7B736A0093C5D1 /* WeatherDataModel.swift */ = {isa = PBXFileReference; lastKnownFileType = sourcecode.swift; path = WeatherDataModel.swift; sourceTree = "<group>"; };
		211F156B2B7BED6A0093C5D1 /* CustomTextView.swift */ = {isa = PBXFileReference; lastKnownFileType = sourcecode.swift; path = CustomTextView.swift; sourceTree = "<group>"; };
		211F156D2B7BEE1A0093C5D1 /* CustomButton.swift */ = {isa = PBXFileReference; lastKnownFileType = sourcecode.swift; path = CustomButton.swift; sourceTree = "<group>"; };
		211F156F2B7BEE5B0093C5D1 /* GradientBgView.swift */ = {isa = PBXFileReference; lastKnownFileType = sourcecode.swift; path = GradientBgView.swift; sourceTree = "<group>"; };
		211F15712B7BEF190093C5D1 /* WeekDayWeatherView.swift */ = {isa = PBXFileReference; lastKnownFileType = sourcecode.swift; path = WeekDayWeatherView.swift; sourceTree = "<group>"; };
/* End PBXFileReference section */

/* Begin PBXFrameworksBuildPhase section */
		211F15252B7A89920093C5D1 /* Frameworks */ = {
			isa = PBXFrameworksBuildPhase;
			buildActionMask = 2147483647;
			files = (
			);
			runOnlyForDeploymentPostprocessing = 0;
		};
		211F15352B7A89960093C5D1 /* Frameworks */ = {
			isa = PBXFrameworksBuildPhase;
			buildActionMask = 2147483647;
			files = (
			);
			runOnlyForDeploymentPostprocessing = 0;
		};
		211F153F2B7A89960093C5D1 /* Frameworks */ = {
			isa = PBXFrameworksBuildPhase;
			buildActionMask = 2147483647;
			files = (
			);
			runOnlyForDeploymentPostprocessing = 0;
		};
/* End PBXFrameworksBuildPhase section */

/* Begin PBXGroup section */
		211A4ED02B94753000D79101 /* Feature */ = {
			isa = PBXGroup;
			children = (
				211A4ED52B96BC5500D79101 /* Framework */,
				211A4ED12B94755300D79101 /* Weather */,
			);
			path = Feature;
			sourceTree = "<group>";
		};
		211A4ED12B94755300D79101 /* Weather */ = {
			isa = PBXGroup;
			children = (
				211A4ED42B94763F00D79101 /* Model */,
				211A4ED22B94760F00D79101 /* View */,
				211A4ED32B94762100D79101 /* ViewModel */,
			);
			path = Weather;
			sourceTree = "<group>";
		};
		211A4ED22B94760F00D79101 /* View */ = {
			isa = PBXGroup;
			children = (
				211F152D2B7A89920093C5D1 /* HomeView.swift */,
			);
			path = View;
			sourceTree = "<group>";
		};
		211A4ED32B94762100D79101 /* ViewModel */ = {
			isa = PBXGroup;
			children = (
			);
			path = ViewModel;
			sourceTree = "<group>";
		};
		211A4ED42B94763F00D79101 /* Model */ = {
			isa = PBXGroup;
			children = (
				211F15582B7B736A0093C5D1 /* WeatherDataModel.swift */,
			);
			path = Model;
			sourceTree = "<group>";
		};
		211A4ED52B96BC5500D79101 /* Framework */ = {
			isa = PBXGroup;
			children = (
				211A4ED92B96BC9A00D79101 /* Model */,
				211A4ED82B96BC8D00D79101 /* View */,
				211A4ED72B96BC7F00D79101 /* ViewModel */,
			);
			path = Framework;
			sourceTree = "<group>";
		};
		211A4ED72B96BC7F00D79101 /* ViewModel */ = {
			isa = PBXGroup;
			children = (
				211A4EE32B980BD800D79101 /* FrameworkViewModel.swift */,
			);
			name = ViewModel;
			sourceTree = "<group>";
		};
		211A4ED82B96BC8D00D79101 /* View */ = {
			isa = PBXGroup;
			children = (
				211A4EE62B980C6C00D79101 /* FrameworkDetailView.swift */,
				211A4EE02B96BF2500D79101 /* FrameworkView.swift */,
			);
			name = View;
			sourceTree = "<group>";
		};
		211A4ED92B96BC9A00D79101 /* Model */ = {
			isa = PBXGroup;
			children = (
				211A4EDE2B96BDC300D79101 /* Framework.swift */,
			);
			name = Model;
			sourceTree = "<group>";
		};
		211A4EE82B980C7800D79101 /* UIKit Components */ = {
			isa = PBXGroup;
			children = (
				211A4EE92B980CA200D79101 /* SafariView.swift */,
			);
			path = "UIKit Components";
			sourceTree = "<group>";
		};
		211F151F2B7A89920093C5D1 = {
			isa = PBXGroup;
			children = (
				211F152A2B7A89920093C5D1 /* Weather */,
				211F153B2B7A89960093C5D1 /* WeatherTests */,
				211F15452B7A89960093C5D1 /* WeatherUITests */,
				211F15292B7A89920093C5D1 /* Products */,
			);
			sourceTree = "<group>";
		};
		211F15292B7A89920093C5D1 /* Products */ = {
			isa = PBXGroup;
			children = (
				211F15282B7A89920093C5D1 /* Weather.app */,
				211F15382B7A89960093C5D1 /* WeatherTests.xctest */,
				211F15422B7A89960093C5D1 /* WeatherUITests.xctest */,
			);
			name = Products;
			sourceTree = "<group>";
		};
		211F152A2B7A89920093C5D1 /* Weather */ = {
			isa = PBXGroup;
			children = (
				211F15562B7B71310093C5D1 /* Main */,
				211A4ED02B94753000D79101 /* Feature */,
				211F15572B7B71420093C5D1 /* Component */,
				211A4EDC2B96BD4400D79101 /* Assets.xcassets */,
				211F15312B7A89950093C5D1 /* Preview Content */,
			);
			path = Weather;
			sourceTree = "<group>";
		};
		211F15312B7A89950093C5D1 /* Preview Content */ = {
			isa = PBXGroup;
			children = (
				211F15322B7A89950093C5D1 /* Preview Assets.xcassets */,
			);
			path = "Preview Content";
			sourceTree = "<group>";
		};
		211F153B2B7A89960093C5D1 /* WeatherTests */ = {
			isa = PBXGroup;
			children = (
				211F153C2B7A89960093C5D1 /* WeatherTests.swift */,
			);
			path = WeatherTests;
			sourceTree = "<group>";
		};
		211F15452B7A89960093C5D1 /* WeatherUITests */ = {
			isa = PBXGroup;
			children = (
				211F15462B7A89960093C5D1 /* WeatherUITests.swift */,
				211F15482B7A89960093C5D1 /* WeatherUITestsLaunchTests.swift */,
			);
			path = WeatherUITests;
			sourceTree = "<group>";
		};
		211F15562B7B71310093C5D1 /* Main */ = {
			isa = PBXGroup;
			children = (
				211F152B2B7A89920093C5D1 /* WeatherApp.swift */,
			);
			path = Main;
			sourceTree = "<group>";
		};
		211F15572B7B71420093C5D1 /* Component */ = {
			isa = PBXGroup;
			children = (
				211A4EE82B980C7800D79101 /* UIKit Components */,
				211F156B2B7BED6A0093C5D1 /* CustomTextView.swift */,
				211F156D2B7BEE1A0093C5D1 /* CustomButton.swift */,
				211F156F2B7BEE5B0093C5D1 /* GradientBgView.swift */,
				211F15712B7BEF190093C5D1 /* WeekDayWeatherView.swift */,
				211A4EEB2B98196200D79101 /* TabBar.swift */,
			);
			path = Component;
			sourceTree = "<group>";
		};
/* End PBXGroup section */

/* Begin PBXNativeTarget section */
		211F15272B7A89920093C5D1 /* Weather */ = {
			isa = PBXNativeTarget;
			buildConfigurationList = 211F154C2B7A89960093C5D1 /* Build configuration list for PBXNativeTarget "Weather" */;
			buildPhases = (
				211F15242B7A89920093C5D1 /* Sources */,
				211F15252B7A89920093C5D1 /* Frameworks */,
				211F15262B7A89920093C5D1 /* Resources */,
			);
			buildRules = (
			);
			dependencies = (
			);
			name = Weather;
			productName = Weather;
			productReference = 211F15282B7A89920093C5D1 /* Weather.app */;
			productType = "com.apple.product-type.application";
		};
		211F15372B7A89960093C5D1 /* WeatherTests */ = {
			isa = PBXNativeTarget;
			buildConfigurationList = 211F154F2B7A89960093C5D1 /* Build configuration list for PBXNativeTarget "WeatherTests" */;
			buildPhases = (
				211F15342B7A89960093C5D1 /* Sources */,
				211F15352B7A89960093C5D1 /* Frameworks */,
				211F15362B7A89960093C5D1 /* Resources */,
			);
			buildRules = (
			);
			dependencies = (
				211F153A2B7A89960093C5D1 /* PBXTargetDependency */,
			);
			name = WeatherTests;
			productName = WeatherTests;
			productReference = 211F15382B7A89960093C5D1 /* WeatherTests.xctest */;
			productType = "com.apple.product-type.bundle.unit-test";
		};
		211F15412B7A89960093C5D1 /* WeatherUITests */ = {
			isa = PBXNativeTarget;
			buildConfigurationList = 211F15522B7A89960093C5D1 /* Build configuration list for PBXNativeTarget "WeatherUITests" */;
			buildPhases = (
				211F153E2B7A89960093C5D1 /* Sources */,
				211F153F2B7A89960093C5D1 /* Frameworks */,
				211F15402B7A89960093C5D1 /* Resources */,
			);
			buildRules = (
			);
			dependencies = (
				211F15442B7A89960093C5D1 /* PBXTargetDependency */,
			);
			name = WeatherUITests;
			productName = WeatherUITests;
			productReference = 211F15422B7A89960093C5D1 /* WeatherUITests.xctest */;
			productType = "com.apple.product-type.bundle.ui-testing";
		};
/* End PBXNativeTarget section */

/* Begin PBXProject section */
		211F15202B7A89920093C5D1 /* Project object */ = {
			isa = PBXProject;
			attributes = {
				BuildIndependentTargetsInParallel = 1;
				LastSwiftUpdateCheck = 1500;
				LastUpgradeCheck = 1500;
				TargetAttributes = {
					211F15272B7A89920093C5D1 = {
						CreatedOnToolsVersion = 15.0;
					};
					211F15372B7A89960093C5D1 = {
						CreatedOnToolsVersion = 15.0;
						TestTargetID = 211F15272B7A89920093C5D1;
					};
					211F15412B7A89960093C5D1 = {
						CreatedOnToolsVersion = 15.0;
						TestTargetID = 211F15272B7A89920093C5D1;
					};
				};
			};
			buildConfigurationList = 211F15232B7A89920093C5D1 /* Build configuration list for PBXProject "Weather" */;
			compatibilityVersion = "Xcode 14.0";
			developmentRegion = en;
			hasScannedForEncodings = 0;
			knownRegions = (
				en,
				Base,
			);
			mainGroup = 211F151F2B7A89920093C5D1;
			productRefGroup = 211F15292B7A89920093C5D1 /* Products */;
			projectDirPath = "";
			projectRoot = "";
			targets = (
				211F15272B7A89920093C5D1 /* Weather */,
				211F15372B7A89960093C5D1 /* WeatherTests */,
				211F15412B7A89960093C5D1 /* WeatherUITests */,
			);
		};
/* End PBXProject section */

/* Begin PBXResourcesBuildPhase section */
		211F15262B7A89920093C5D1 /* Resources */ = {
			isa = PBXResourcesBuildPhase;
			buildActionMask = 2147483647;
			files = (
				211F15332B7A89950093C5D1 /* Preview Assets.xcassets in Resources */,
				211A4EDD2B96BD4400D79101 /* Assets.xcassets in Resources */,
			);
			runOnlyForDeploymentPostprocessing = 0;
		};
		211F15362B7A89960093C5D1 /* Resources */ = {
			isa = PBXResourcesBuildPhase;
			buildActionMask = 2147483647;
			files = (
			);
			runOnlyForDeploymentPostprocessing = 0;
		};
		211F15402B7A89960093C5D1 /* Resources */ = {
			isa = PBXResourcesBuildPhase;
			buildActionMask = 2147483647;
			files = (
			);
			runOnlyForDeploymentPostprocessing = 0;
		};
/* End PBXResourcesBuildPhase section */

/* Begin PBXSourcesBuildPhase section */
		211F15242B7A89920093C5D1 /* Sources */ = {
			isa = PBXSourcesBuildPhase;
			buildActionMask = 2147483647;
			files = (
				211F152E2B7A89920093C5D1 /* HomeView.swift in Sources */,
				211A4EE12B96BF2500D79101 /* FrameworkView.swift in Sources */,
				211F15702B7BEE5B0093C5D1 /* GradientBgView.swift in Sources */,
				211F152C2B7A89920093C5D1 /* WeatherApp.swift in Sources */,
				211A4EEA2B980CA200D79101 /* SafariView.swift in Sources */,
				211F156C2B7BED6A0093C5D1 /* CustomTextView.swift in Sources */,
				211A4EDF2B96BDC300D79101 /* Framework.swift in Sources */,
				211A4EE72B980C6D00D79101 /* FrameworkDetailView.swift in Sources */,
				211F15592B7B736A0093C5D1 /* WeatherDataModel.swift in Sources */,
				211A4EEC2B98196200D79101 /* TabBar.swift in Sources */,
				211A4EE52B980BD800D79101 /* FrameworkViewModel.swift in Sources */,
				211F156E2B7BEE1A0093C5D1 /* CustomButton.swift in Sources */,
				211F15722B7BEF190093C5D1 /* WeekDayWeatherView.swift in Sources */,
			);
			runOnlyForDeploymentPostprocessing = 0;
		};
		211F15342B7A89960093C5D1 /* Sources */ = {
			isa = PBXSourcesBuildPhase;
			buildActionMask = 2147483647;
			files = (
				211F153D2B7A89960093C5D1 /* WeatherTests.swift in Sources */,
			);
			runOnlyForDeploymentPostprocessing = 0;
		};
		211F153E2B7A89960093C5D1 /* Sources */ = {
			isa = PBXSourcesBuildPhase;
			buildActionMask = 2147483647;
			files = (
				211F15472B7A89960093C5D1 /* WeatherUITests.swift in Sources */,
				211F15492B7A89960093C5D1 /* WeatherUITestsLaunchTests.swift in Sources */,
			);
			runOnlyForDeploymentPostprocessing = 0;
		};
/* End PBXSourcesBuildPhase section */

/* Begin PBXTargetDependency section */
		211F153A2B7A89960093C5D1 /* PBXTargetDependency */ = {
			isa = PBXTargetDependency;
			target = 211F15272B7A89920093C5D1 /* Weather */;
			targetProxy = 211F15392B7A89960093C5D1 /* PBXContainerItemProxy */;
		};
		211F15442B7A89960093C5D1 /* PBXTargetDependency */ = {
			isa = PBXTargetDependency;
			target = 211F15272B7A89920093C5D1 /* Weather */;
			targetProxy = 211F15432B7A89960093C5D1 /* PBXContainerItemProxy */;
		};
/* End PBXTargetDependency section */

/* Begin XCBuildConfiguration section */
		211F154A2B7A89960093C5D1 /* Debug */ = {
			isa = XCBuildConfiguration;
			buildSettings = {
				ALWAYS_SEARCH_USER_PATHS = NO;
				ASSETCATALOG_COMPILER_GENERATE_SWIFT_ASSET_SYMBOL_EXTENSIONS = YES;
				CLANG_ANALYZER_NONNULL = YES;
				CLANG_ANALYZER_NUMBER_OBJECT_CONVERSION = YES_AGGRESSIVE;
				CLANG_CXX_LANGUAGE_STANDARD = "gnu++20";
				CLANG_ENABLE_MODULES = YES;
				CLANG_ENABLE_OBJC_ARC = YES;
				CLANG_ENABLE_OBJC_WEAK = YES;
				CLANG_WARN_BLOCK_CAPTURE_AUTORELEASING = YES;
				CLANG_WARN_BOOL_CONVERSION = YES;
				CLANG_WARN_COMMA = YES;
				CLANG_WARN_CONSTANT_CONVERSION = YES;
				CLANG_WARN_DEPRECATED_OBJC_IMPLEMENTATIONS = YES;
				CLANG_WARN_DIRECT_OBJC_ISA_USAGE = YES_ERROR;
				CLANG_WARN_DOCUMENTATION_COMMENTS = YES;
				CLANG_WARN_EMPTY_BODY = YES;
				CLANG_WARN_ENUM_CONVERSION = YES;
				CLANG_WARN_INFINITE_RECURSION = YES;
				CLANG_WARN_INT_CONVERSION = YES;
				CLANG_WARN_NON_LITERAL_NULL_CONVERSION = YES;
				CLANG_WARN_OBJC_IMPLICIT_RETAIN_SELF = YES;
				CLANG_WARN_OBJC_LITERAL_CONVERSION = YES;
				CLANG_WARN_OBJC_ROOT_CLASS = YES_ERROR;
				CLANG_WARN_QUOTED_INCLUDE_IN_FRAMEWORK_HEADER = YES;
				CLANG_WARN_RANGE_LOOP_ANALYSIS = YES;
				CLANG_WARN_STRICT_PROTOTYPES = YES;
				CLANG_WARN_SUSPICIOUS_MOVE = YES;
				CLANG_WARN_UNGUARDED_AVAILABILITY = YES_AGGRESSIVE;
				CLANG_WARN_UNREACHABLE_CODE = YES;
				CLANG_WARN__DUPLICATE_METHOD_MATCH = YES;
				COPY_PHASE_STRIP = NO;
				DEBUG_INFORMATION_FORMAT = dwarf;
				ENABLE_STRICT_OBJC_MSGSEND = YES;
				ENABLE_TESTABILITY = YES;
				ENABLE_USER_SCRIPT_SANDBOXING = YES;
				GCC_C_LANGUAGE_STANDARD = gnu17;
				GCC_DYNAMIC_NO_PIC = NO;
				GCC_NO_COMMON_BLOCKS = YES;
				GCC_OPTIMIZATION_LEVEL = 0;
				GCC_PREPROCESSOR_DEFINITIONS = (
					"DEBUG=1",
					"$(inherited)",
				);
				GCC_WARN_64_TO_32_BIT_CONVERSION = YES;
				GCC_WARN_ABOUT_RETURN_TYPE = YES_ERROR;
				GCC_WARN_UNDECLARED_SELECTOR = YES;
				GCC_WARN_UNINITIALIZED_AUTOS = YES_AGGRESSIVE;
				GCC_WARN_UNUSED_FUNCTION = YES;
				GCC_WARN_UNUSED_VARIABLE = YES;
				IPHONEOS_DEPLOYMENT_TARGET = 17.0;
				LOCALIZATION_PREFERS_STRING_CATALOGS = YES;
				MTL_ENABLE_DEBUG_INFO = INCLUDE_SOURCE;
				MTL_FAST_MATH = YES;
				ONLY_ACTIVE_ARCH = YES;
				SDKROOT = iphoneos;
				SWIFT_ACTIVE_COMPILATION_CONDITIONS = "DEBUG $(inherited)";
				SWIFT_OPTIMIZATION_LEVEL = "-Onone";
			};
			name = Debug;
		};
		211F154B2B7A89960093C5D1 /* Release */ = {
			isa = XCBuildConfiguration;
			buildSettings = {
				ALWAYS_SEARCH_USER_PATHS = NO;
				ASSETCATALOG_COMPILER_GENERATE_SWIFT_ASSET_SYMBOL_EXTENSIONS = YES;
				CLANG_ANALYZER_NONNULL = YES;
				CLANG_ANALYZER_NUMBER_OBJECT_CONVERSION = YES_AGGRESSIVE;
				CLANG_CXX_LANGUAGE_STANDARD = "gnu++20";
				CLANG_ENABLE_MODULES = YES;
				CLANG_ENABLE_OBJC_ARC = YES;
				CLANG_ENABLE_OBJC_WEAK = YES;
				CLANG_WARN_BLOCK_CAPTURE_AUTORELEASING = YES;
				CLANG_WARN_BOOL_CONVERSION = YES;
				CLANG_WARN_COMMA = YES;
				CLANG_WARN_CONSTANT_CONVERSION = YES;
				CLANG_WARN_DEPRECATED_OBJC_IMPLEMENTATIONS = YES;
				CLANG_WARN_DIRECT_OBJC_ISA_USAGE = YES_ERROR;
				CLANG_WARN_DOCUMENTATION_COMMENTS = YES;
				CLANG_WARN_EMPTY_BODY = YES;
				CLANG_WARN_ENUM_CONVERSION = YES;
				CLANG_WARN_INFINITE_RECURSION = YES;
				CLANG_WARN_INT_CONVERSION = YES;
				CLANG_WARN_NON_LITERAL_NULL_CONVERSION = YES;
				CLANG_WARN_OBJC_IMPLICIT_RETAIN_SELF = YES;
				CLANG_WARN_OBJC_LITERAL_CONVERSION = YES;
				CLANG_WARN_OBJC_ROOT_CLASS = YES_ERROR;
				CLANG_WARN_QUOTED_INCLUDE_IN_FRAMEWORK_HEADER = YES;
				CLANG_WARN_RANGE_LOOP_ANALYSIS = YES;
				CLANG_WARN_STRICT_PROTOTYPES = YES;
				CLANG_WARN_SUSPICIOUS_MOVE = YES;
				CLANG_WARN_UNGUARDED_AVAILABILITY = YES_AGGRESSIVE;
				CLANG_WARN_UNREACHABLE_CODE = YES;
				CLANG_WARN__DUPLICATE_METHOD_MATCH = YES;
				COPY_PHASE_STRIP = NO;
				DEBUG_INFORMATION_FORMAT = "dwarf-with-dsym";
				ENABLE_NS_ASSERTIONS = NO;
				ENABLE_STRICT_OBJC_MSGSEND = YES;
				ENABLE_USER_SCRIPT_SANDBOXING = YES;
				GCC_C_LANGUAGE_STANDARD = gnu17;
				GCC_NO_COMMON_BLOCKS = YES;
				GCC_WARN_64_TO_32_BIT_CONVERSION = YES;
				GCC_WARN_ABOUT_RETURN_TYPE = YES_ERROR;
				GCC_WARN_UNDECLARED_SELECTOR = YES;
				GCC_WARN_UNINITIALIZED_AUTOS = YES_AGGRESSIVE;
				GCC_WARN_UNUSED_FUNCTION = YES;
				GCC_WARN_UNUSED_VARIABLE = YES;
				IPHONEOS_DEPLOYMENT_TARGET = 17.0;
				LOCALIZATION_PREFERS_STRING_CATALOGS = YES;
				MTL_ENABLE_DEBUG_INFO = NO;
				MTL_FAST_MATH = YES;
				SDKROOT = iphoneos;
				SWIFT_COMPILATION_MODE = wholemodule;
				VALIDATE_PRODUCT = YES;
			};
			name = Release;
		};
		211F154D2B7A89960093C5D1 /* Debug */ = {
			isa = XCBuildConfiguration;
			buildSettings = {
				ASSETCATALOG_COMPILER_APPICON_NAME = AppIcon;
				ASSETCATALOG_COMPILER_GLOBAL_ACCENT_COLOR_NAME = AccentColor;
				CODE_SIGN_STYLE = Automatic;
				CURRENT_PROJECT_VERSION = 1;
				DEVELOPMENT_ASSET_PATHS = "\"Weather/Preview Content\"";
				ENABLE_PREVIEWS = YES;
				GENERATE_INFOPLIST_FILE = YES;
				INFOPLIST_KEY_UIApplicationSceneManifest_Generation = YES;
				INFOPLIST_KEY_UIApplicationSupportsIndirectInputEvents = YES;
				INFOPLIST_KEY_UILaunchScreen_Generation = YES;
				INFOPLIST_KEY_UISupportedInterfaceOrientations_iPad = "UIInterfaceOrientationPortrait UIInterfaceOrientationPortraitUpsideDown UIInterfaceOrientationLandscapeLeft UIInterfaceOrientationLandscapeRight";
				INFOPLIST_KEY_UISupportedInterfaceOrientations_iPhone = "UIInterfaceOrientationPortrait UIInterfaceOrientationLandscapeLeft UIInterfaceOrientationLandscapeRight";
				LD_RUNPATH_SEARCH_PATHS = (
					"$(inherited)",
					"@executable_path/Frameworks",
				);
				MARKETING_VERSION = 1.0;
				PRODUCT_BUNDLE_IDENTIFIER = com.sample.Weather;
				PRODUCT_NAME = "$(TARGET_NAME)";
				SWIFT_EMIT_LOC_STRINGS = YES;
				SWIFT_VERSION = 5.0;
				TARGETED_DEVICE_FAMILY = "1,2";
			};
			name = Debug;
		};
		211F154E2B7A89960093C5D1 /* Release */ = {
			isa = XCBuildConfiguration;
			buildSettings = {
				ASSETCATALOG_COMPILER_APPICON_NAME = AppIcon;
				ASSETCATALOG_COMPILER_GLOBAL_ACCENT_COLOR_NAME = AccentColor;
				CODE_SIGN_STYLE = Automatic;
				CURRENT_PROJECT_VERSION = 1;
				DEVELOPMENT_ASSET_PATHS = "\"Weather/Preview Content\"";
				ENABLE_PREVIEWS = YES;
				GENERATE_INFOPLIST_FILE = YES;
				INFOPLIST_KEY_UIApplicationSceneManifest_Generation = YES;
				INFOPLIST_KEY_UIApplicationSupportsIndirectInputEvents = YES;
				INFOPLIST_KEY_UILaunchScreen_Generation = YES;
				INFOPLIST_KEY_UISupportedInterfaceOrientations_iPad = "UIInterfaceOrientationPortrait UIInterfaceOrientationPortraitUpsideDown UIInterfaceOrientationLandscapeLeft UIInterfaceOrientationLandscapeRight";
				INFOPLIST_KEY_UISupportedInterfaceOrientations_iPhone = "UIInterfaceOrientationPortrait UIInterfaceOrientationLandscapeLeft UIInterfaceOrientationLandscapeRight";
				LD_RUNPATH_SEARCH_PATHS = (
					"$(inherited)",
					"@executable_path/Frameworks",
				);
				MARKETING_VERSION = 1.0;
				PRODUCT_BUNDLE_IDENTIFIER = com.sample.Weather;
				PRODUCT_NAME = "$(TARGET_NAME)";
				SWIFT_EMIT_LOC_STRINGS = YES;
				SWIFT_VERSION = 5.0;
				TARGETED_DEVICE_FAMILY = "1,2";
			};
			name = Release;
		};
		211F15502B7A89960093C5D1 /* Debug */ = {
			isa = XCBuildConfiguration;
			buildSettings = {
				ALWAYS_EMBED_SWIFT_STANDARD_LIBRARIES = YES;
				BUNDLE_LOADER = "$(TEST_HOST)";
				CODE_SIGN_STYLE = Automatic;
				CURRENT_PROJECT_VERSION = 1;
				GENERATE_INFOPLIST_FILE = YES;
				IPHONEOS_DEPLOYMENT_TARGET = 17.0;
				MARKETING_VERSION = 1.0;
				PRODUCT_BUNDLE_IDENTIFIER = com.sample.WeatherTests;
				PRODUCT_NAME = "$(TARGET_NAME)";
				SWIFT_EMIT_LOC_STRINGS = NO;
				SWIFT_VERSION = 5.0;
				TARGETED_DEVICE_FAMILY = "1,2";
				TEST_HOST = "$(BUILT_PRODUCTS_DIR)/Weather.app/$(BUNDLE_EXECUTABLE_FOLDER_PATH)/Weather";
			};
			name = Debug;
		};
		211F15512B7A89960093C5D1 /* Release */ = {
			isa = XCBuildConfiguration;
			buildSettings = {
				ALWAYS_EMBED_SWIFT_STANDARD_LIBRARIES = YES;
				BUNDLE_LOADER = "$(TEST_HOST)";
				CODE_SIGN_STYLE = Automatic;
				CURRENT_PROJECT_VERSION = 1;
				GENERATE_INFOPLIST_FILE = YES;
				IPHONEOS_DEPLOYMENT_TARGET = 17.0;
				MARKETING_VERSION = 1.0;
				PRODUCT_BUNDLE_IDENTIFIER = com.sample.WeatherTests;
				PRODUCT_NAME = "$(TARGET_NAME)";
				SWIFT_EMIT_LOC_STRINGS = NO;
				SWIFT_VERSION = 5.0;
				TARGETED_DEVICE_FAMILY = "1,2";
				TEST_HOST = "$(BUILT_PRODUCTS_DIR)/Weather.app/$(BUNDLE_EXECUTABLE_FOLDER_PATH)/Weather";
			};
			name = Release;
		};
		211F15532B7A89960093C5D1 /* Debug */ = {
			isa = XCBuildConfiguration;
			buildSettings = {
				ALWAYS_EMBED_SWIFT_STANDARD_LIBRARIES = YES;
				CODE_SIGN_STYLE = Automatic;
				CURRENT_PROJECT_VERSION = 1;
				GENERATE_INFOPLIST_FILE = YES;
				MARKETING_VERSION = 1.0;
				PRODUCT_BUNDLE_IDENTIFIER = com.sample.WeatherUITests;
				PRODUCT_NAME = "$(TARGET_NAME)";
				SWIFT_EMIT_LOC_STRINGS = NO;
				SWIFT_VERSION = 5.0;
				TARGETED_DEVICE_FAMILY = "1,2";
				TEST_TARGET_NAME = Weather;
			};
			name = Debug;
		};
		211F15542B7A89960093C5D1 /* Release */ = {
			isa = XCBuildConfiguration;
			buildSettings = {
				ALWAYS_EMBED_SWIFT_STANDARD_LIBRARIES = YES;
				CODE_SIGN_STYLE = Automatic;
				CURRENT_PROJECT_VERSION = 1;
				GENERATE_INFOPLIST_FILE = YES;
				MARKETING_VERSION = 1.0;
				PRODUCT_BUNDLE_IDENTIFIER = com.sample.WeatherUITests;
				PRODUCT_NAME = "$(TARGET_NAME)";
				SWIFT_EMIT_LOC_STRINGS = NO;
				SWIFT_VERSION = 5.0;
				TARGETED_DEVICE_FAMILY = "1,2";
				TEST_TARGET_NAME = Weather;
			};
			name = Release;
		};
/* End XCBuildConfiguration section */

/* Begin XCConfigurationList section */
		211F15232B7A89920093C5D1 /* Build configuration list for PBXProject "Weather" */ = {
			isa = XCConfigurationList;
			buildConfigurations = (
				211F154A2B7A89960093C5D1 /* Debug */,
				211F154B2B7A89960093C5D1 /* Release */,
			);
			defaultConfigurationIsVisible = 0;
			defaultConfigurationName = Release;
		};
		211F154C2B7A89960093C5D1 /* Build configuration list for PBXNativeTarget "Weather" */ = {
			isa = XCConfigurationList;
			buildConfigurations = (
				211F154D2B7A89960093C5D1 /* Debug */,
				211F154E2B7A89960093C5D1 /* Release */,
			);
			defaultConfigurationIsVisible = 0;
			defaultConfigurationName = Release;
		};
		211F154F2B7A89960093C5D1 /* Build configuration list for PBXNativeTarget "WeatherTests" */ = {
			isa = XCConfigurationList;
			buildConfigurations = (
				211F15502B7A89960093C5D1 /* Debug */,
				211F15512B7A89960093C5D1 /* Release */,
			);
			defaultConfigurationIsVisible = 0;
			defaultConfigurationName = Release;
		};
		211F15522B7A89960093C5D1 /* Build configuration list for PBXNativeTarget "WeatherUITests" */ = {
			isa = XCConfigurationList;
			buildConfigurations = (
				211F15532B7A89960093C5D1 /* Debug */,
				211F15542B7A89960093C5D1 /* Release */,
			);
			defaultConfigurationIsVisible = 0;
			defaultConfigurationName = Release;
		};
/* End XCConfigurationList section */
	};
	rootObject = 211F15202B7A89920093C5D1 /* Project object */;
}
